
Microsoft Visual Studio Solution File, Format Version 12.00
# Visual Studio 15
Project("{FAE04EC0-301F-11D3-BF4B-00C04F79EFBC}") = "Codeforces", "Codeforces.csproj", "{8E46F39C-37D2-44AA-A774-5A2424C06255}"
EndProject
Global
	GlobalSection(SolutionConfigurationPlatforms) = preSolution
		Debug|Any CPU = Debug|Any CPU
		Release|Any CPU = Release|Any CPU
	EndGlobalSection
	GlobalSection(ProjectConfigurationPlatforms) = postSolution
		{8E46F39C-37D2-44AA-A774-5A2424C06255}.Debug|Any CPU.ActiveCfg = Debug|Any CPU
		{8E46F39C-37D2-44AA-A774-5A2424C06255}.Debug|Any CPU.Build.0 = Debug|Any CPU
		{8E46F39C-37D2-44AA-A774-5A2424C06255}.Release|Any CPU.ActiveCfg = Release|Any CPU
		{8E46F39C-37D2-44AA-A774-5A2424C06255}.Release|Any CPU.Build.0 = Release|Any CPU
	EndGlobalSection
EndGlobal
